// !$*UTF8*$!
{
	archiveVersion = 1;
	classes = {
	};
	objectVersion = 46;
	objects = {

/* Begin PBXBuildFile section */
		CFC0F1D41B2B6A8900B54EEB /* main.cpp in Sources */ = {isa = PBXBuildFile; fileRef = CFC0F1D31B2B6A8900B54EEB /* main.cpp */; };
		CFC0F2021B2BAF6F00B54EEB /* CirclewithConstantMemberFunctions.cpp in Sources */ = {isa = PBXBuildFile; fileRef = CFC0F2001B2BAF6F00B54EEB /* CirclewithConstantMemberFunctions.cpp */; };
/* End PBXBuildFile section */

/* Begin PBXCopyFilesBuildPhase section */
		CFC0F1CE1B2B6A8900B54EEB /* CopyFiles */ = {
			isa = PBXCopyFilesBuildPhase;
			buildActionMask = 2147483647;
			dstPath = /usr/share/man/man1/;
			dstSubfolderSpec = 0;
			files = (
			);
			runOnlyForDeploymentPostprocessing = 1;
		};
/* End PBXCopyFilesBuildPhase section */

/* Begin PBXFileReference section */
		CFC0F1D01B2B6A8900B54EEB /* The Circle Class */ = {isa = PBXFileReference; explicitFileType = "compiled.mach-o.executable"; includeInIndex = 0; path = "The Circle Class"; sourceTree = BUILT_PRODUCTS_DIR; };
		CFC0F1D31B2B6A8900B54EEB /* main.cpp */ = {isa = PBXFileReference; lastKnownFileType = sourcecode.cpp.cpp; path = main.cpp; sourceTree = "<group>"; };
		CFC0F2001B2BAF6F00B54EEB /* CirclewithConstantMemberFunctions.cpp */ = {isa = PBXFileReference; fileEncoding = 4; lastKnownFileType = sourcecode.cpp.cpp; path = CirclewithConstantMemberFunctions.cpp; sourceTree = "<group>"; };
		CFC0F2011B2BAF6F00B54EEB /* CirclewithConstantMemberFunctions.h */ = {isa = PBXFileReference; fileEncoding = 4; lastKnownFileType = sourcecode.c.h; path = CirclewithConstantMemberFunctions.h; sourceTree = "<group>"; };
/* End PBXFileReference section */

/* Begin PBXFrameworksBuildPhase section */
		CFC0F1CD1B2B6A8900B54EEB /* Frameworks */ = {
			isa = PBXFrameworksBuildPhase;
			buildActionMask = 2147483647;
			files = (
			);
			runOnlyForDeploymentPostprocessing = 0;
		};
/* End PBXFrameworksBuildPhase section */

/* Begin PBXGroup section */
		CFC0F1C71B2B6A8900B54EEB = {
			isa = PBXGroup;
			children = (
				CFC0F1D21B2B6A8900B54EEB /* The Circle Class */,
				CFC0F1D11B2B6A8900B54EEB /* Products */,
			);
			sourceTree = "<group>";
		};
		CFC0F1D11B2B6A8900B54EEB /* Products */ = {
			isa = PBXGroup;
			children = (
				CFC0F1D01B2B6A8900B54EEB /* The Circle Class */,
			);
			name = Products;
			sourceTree = "<group>";
		};
		CFC0F1D21B2B6A8900B54EEB /* The Circle Class */ = {
			isa = PBXGroup;
			children = (
				CFC0F1D31B2B6A8900B54EEB /* main.cpp */,
				CFC0F2001B2BAF6F00B54EEB /* CirclewithConstantMemberFunctions.cpp */,
				CFC0F2011B2BAF6F00B54EEB /* CirclewithConstantMemberFunctions.h */,
			);
			path = "The Circle Class";
			sourceTree = "<group>";
		};
/* End PBXGroup section */

/* Begin PBXNativeTarget section */
		CFC0F1CF1B2B6A8900B54EEB /* The Circle Class */ = {
			isa = PBXNativeTarget;
			buildConfigurationList = CFC0F1D71B2B6A8900B54EEB /* Build configuration list for PBXNativeTarget "The Circle Class" */;
			buildPhases = (
				CFC0F1CC1B2B6A8900B54EEB /* Sources */,
				CFC0F1CD1B2B6A8900B54EEB /* Frameworks */,
				CFC0F1CE1B2B6A8900B54EEB /* CopyFiles */,
			);
			buildRules = (
			);
			dependencies = (
			);
			name = "The Circle Class";
			productName = "The Circle Class";
			productReference = CFC0F1D01B2B6A8900B54EEB /* The Circle Class */;
			productType = "com.apple.product-type.tool";
		};
/* End PBXNativeTarget section */

/* Begin PBXProject section */
		CFC0F1C81B2B6A8900B54EEB /* Project object */ = {
			isa = PBXProject;
			attributes = {
				LastUpgradeCheck = 0630;
				ORGANIZATIONNAME = "Kathleen Levi";
				TargetAttributes = {
					CFC0F1CF1B2B6A8900B54EEB = {
						CreatedOnToolsVersion = 6.3.1;
					};
				};
			};
			buildConfigurationList = CFC0F1CB1B2B6A8900B54EEB /* Build configuration list for PBXProject "The Circle Class" */;
			compatibilityVersion = "Xcode 3.2";
			developmentRegion = English;
			hasScannedForEncodings = 0;
			knownRegions = (
				en,
			);
			mainGroup = CFC0F1C71B2B6A8900B54EEB;
			productRefGroup = CFC0F1D11B2B6A8900B54EEB /* Products */;
			projectDirPath = "";
			projectRoot = "";
			targets = (
				CFC0F1CF1B2B6A8900B54EEB /* The Circle Class */,
			);
		};
/* End PBXProject section */

/* Begin PBXSourcesBuildPhase section */
		CFC0F1CC1B2B6A8900B54EEB /* Sources */ = {
			isa = PBXSourcesBuildPhase;
			buildActionMask = 2147483647;
			files = (
				CFC0F1D41B2B6A8900B54EEB /* main.cpp in Sources */,
				CFC0F2021B2BAF6F00B54EEB /* CirclewithConstantMemberFunctions.cpp in Sources */,
			);
			runOnlyForDeploymentPostprocessing = 0;
		};
/* End PBXSourcesBuildPhase section */

/* Begin XCBuildConfiguration section */
		CFC0F1D51B2B6A8900B54EEB /* Debug */ = {
			isa = XCBuildConfiguration;
			buildSettings = {
				ALWAYS_SEARCH_USER_PATHS = NO;
				CLANG_CXX_LANGUAGE_STANDARD = "gnu++0x";
				CLANG_CXX_LIBRARY = "libc++";
				CLANG_ENABLE_MODULES = YES;
				CLANG_ENABLE_OBJC_ARC = YES;
				CLANG_WARN_BOOL_CONVERSION = YES;
				CLANG_WARN_CONSTANT_CONVERSION = YES;
				CLANG_WARN_DIRECT_OBJC_ISA_USAGE = YES_ERROR;
				CLANG_WARN_EMPTY_BODY = YES;
				CLANG_WARN_ENUM_CONVERSION = YES;
				CLANG_WARN_INT_CONVERSION = YES;
				CLANG_WARN_OBJC_ROOT_CLASS = YES_ERROR;
				CLANG_WARN_UNREACHABLE_CODE = YES;
				CLANG_WARN__DUPLICATE_METHOD_MATCH = YES;
				COPY_PHASE_STRIP = NO;
				DEBUG_INFORMATION_FORMAT = dwarf;
				ENABLE_STRICT_OBJC_MSGSEND = YES;
				GCC_C_LANGUAGE_STANDARD = gnu99;
				GCC_DYNAMIC_NO_PIC = NO;
				GCC_NO_COMMON_BLOCKS = YES;
				GCC_OPTIMIZATION_LEVEL = 0;
				GCC_PREPROCESSOR_DEFINITIONS = (
					"DEBUG=1",
					"$(inherited)",
				);
				GCC_SYMBOLS_PRIVATE_EXTERN = NO;
				GCC_WARN_64_TO_32_BIT_CONVERSION = YES;
				GCC_WARN_ABOUT_RETURN_TYPE = YES_ERROR;
				GCC_WARN_UNDECLARED_SELECTOR = YES;
				GCC_WARN_UNINITIALIZED_AUTOS = YES_AGGRESSIVE;
				GCC_WARN_UNUSED_FUNCTION = YES;
				GCC_WARN_UNUSED_VARIABLE = YES;
				MACOSX_DEPLOYMENT_TARGET = 10.10;
				MTL_ENABLE_DEBUG_INFO = YES;
				ONLY_ACTIVE_ARCH = YES;
				SDKROOT = macosx;
			};
			name = Debug;
		};
		CFC0F1D61B2B6A8900B54EEB /* Release */ = {
			isa = XCBuildConfiguration;
			buildSettings = {
				ALWAYS_SEARCH_USER_PATHS = NO;
				CLANG_CXX_LANGUAGE_STANDARD = "gnu++0x";
				CLANG_CXX_LIBRARY = "libc++";
				CLANG_ENABLE_MODULES = YES;
				CLANG_ENABLE_OBJC_ARC = YES;
				CLANG_WARN_BOOL_CONVERSION = YES;
				CLANG_WARN_CONSTANT_CONVERSION = YES;
				CLANG_WARN_DIRECT_OBJC_ISA_USAGE = YES_ERROR;
				CLANG_WARN_EMPTY_BODY = YES;
				CLANG_WARN_ENUM_CONVERSION = YES;
				CLANG_WARN_INT_CONVERSION = YES;
				CLANG_WARN_OBJC_ROOT_CLASS = YES_ERROR;
				CLANG_WARN_UNREACHABLE_CODE = YES;
				CLANG_WARN__DUPLICATE_METHOD_MATCH = YES;
				COPY_PHASE_STRIP = NO;
				DEBUG_INFORMATION_FORMAT = "dwarf-with-dsym";
				ENABLE_NS_ASSERTIONS = NO;
				ENABLE_STRICT_OBJC_MSGSEND = YES;
				GCC_C_LANGUAGE_STANDARD = gnu99;
				GCC_NO_COMMON_BLOCKS = YES;
				GCC_WARN_64_TO_32_BIT_CONVERSION = YES;
				GCC_WARN_ABOUT_RETURN_TYPE = YES_ERROR;
				GCC_WARN_UNDECLARED_SELECTOR = YES;
				GCC_WARN_UNINITIALIZED_AUTOS = YES_AGGRESSIVE;
				GCC_WARN_UNUSED_FUNCTION = YES;
				GCC_WARN_UNUSED_VARIABLE = YES;
				MACOSX_DEPLOYMENT_TARGET = 10.10;
				MTL_ENABLE_DEBUG_INFO = NO;
				SDKROOT = macosx;
			};
			name = Release;
		};
		CFC0F1D81B2B6A8900B54EEB /* Debug */ = {
			isa = XCBuildConfiguration;
			buildSettings = {
				PRODUCT_NAME = "$(TARGET_NAME)";
			};
			name = Debug;
		};
		CFC0F1D91B2B6A8900B54EEB /* Release */ = {
			isa = XCBuildConfiguration;
			buildSettings = {
				PRODUCT_NAME = "$(TARGET_NAME)";
			};
			name = Release;
		};
/* End XCBuildConfiguration section */

/* Begin XCConfigurationList section */
		CFC0F1CB1B2B6A8900B54EEB /* Build configuration list for PBXProject "The Circle Class" */ = {
			isa = XCConfigurationList;
			buildConfigurations = (
				CFC0F1D51B2B6A8900B54EEB /* Debug */,
				CFC0F1D61B2B6A8900B54EEB /* Release */,
			);
			defaultConfigurationIsVisible = 0;
			defaultConfigurationName = Release;
		};
		CFC0F1D71B2B6A8900B54EEB /* Build configuration list for PBXNativeTarget "The Circle Class" */ = {
			isa = XCConfigurationList;
			buildConfigurations = (
				CFC0F1D81B2B6A8900B54EEB /* Debug */,
				CFC0F1D91B2B6A8900B54EEB /* Release */,
			);
			defaultConfigurationIsVisible = 0;
			defaultConfigurationName = Release;
		};
/* End XCConfigurationList section */
	};
	rootObject = CFC0F1C81B2B6A8900B54EEB /* Project object */;
}
